// !$*UTF8*$!
{
	archiveVersion = 1;
	classes = {
	};
	objectVersion = 50;
	objects = {

/* Begin PBXBuildFile section */
		48AF33702710084700D6AAA4 /* App.swift in Sources */ = {isa = PBXBuildFile; fileRef = 48AF336F2710084700D6AAA4 /* App.swift */; };
		48AF33722710084700D6AAA4 /* ContentView.swift in Sources */ = {isa = PBXBuildFile; fileRef = 48AF33712710084700D6AAA4 /* ContentView.swift */; };
		48AF33742710084900D6AAA4 /* Assets.xcassets in Resources */ = {isa = PBXBuildFile; fileRef = 48AF33732710084900D6AAA4 /* Assets.xcassets */; };
		48AF33772710084900D6AAA4 /* Preview Assets.xcassets in Resources */ = {isa = PBXBuildFile; fileRef = 48AF33762710084900D6AAA4 /* Preview Assets.xcassets */; };
		48AF33822710084900D6AAA4 /* THUiOSClubTests.swift in Sources */ = {isa = PBXBuildFile; fileRef = 48AF33812710084900D6AAA4 /* THUiOSClubTests.swift */; };
		48AF338D2710084A00D6AAA4 /* THUiOSClubUITests.swift in Sources */ = {isa = PBXBuildFile; fileRef = 48AF338C2710084A00D6AAA4 /* THUiOSClubUITests.swift */; };
/* End PBXBuildFile section */

/* Begin PBXContainerItemProxy section */
		48AF337E2710084900D6AAA4 /* PBXContainerItemProxy */ = {
			isa = PBXContainerItemProxy;
			containerPortal = 48AF33642710084700D6AAA4 /* Project object */;
			proxyType = 1;
			remoteGlobalIDString = 48AF336B2710084700D6AAA4;
			remoteInfo = THUiOSClub;
		};
		48AF33892710084A00D6AAA4 /* PBXContainerItemProxy */ = {
			isa = PBXContainerItemProxy;
			containerPortal = 48AF33642710084700D6AAA4 /* Project object */;
			proxyType = 1;
			remoteGlobalIDString = 48AF336B2710084700D6AAA4;
			remoteInfo = THUiOSClub;
		};
/* End PBXContainerItemProxy section */

/* Begin PBXFileReference section */
		48AF336C2710084700D6AAA4 /* THU iOS Club.app */ = {isa = PBXFileReference; explicitFileType = wrapper.application; includeInIndex = 0; path = "THU iOS Club.app"; sourceTree = BUILT_PRODUCTS_DIR; };
		48AF336F2710084700D6AAA4 /* App.swift */ = {isa = PBXFileReference; lastKnownFileType = sourcecode.swift; path = App.swift; sourceTree = "<group>"; };
		48AF33712710084700D6AAA4 /* ContentView.swift */ = {isa = PBXFileReference; lastKnownFileType = sourcecode.swift; path = ContentView.swift; sourceTree = "<group>"; };
		48AF33732710084900D6AAA4 /* Assets.xcassets */ = {isa = PBXFileReference; lastKnownFileType = folder.assetcatalog; path = Assets.xcassets; sourceTree = "<group>"; };
		48AF33762710084900D6AAA4 /* Preview Assets.xcassets */ = {isa = PBXFileReference; lastKnownFileType = folder.assetcatalog; path = "Preview Assets.xcassets"; sourceTree = "<group>"; };
		48AF33782710084900D6AAA4 /* Info.plist */ = {isa = PBXFileReference; lastKnownFileType = text.plist.xml; path = Info.plist; sourceTree = "<group>"; };
		48AF337D2710084900D6AAA4 /* THUiOSClubTests.xctest */ = {isa = PBXFileReference; explicitFileType = wrapper.cfbundle; includeInIndex = 0; path = THUiOSClubTests.xctest; sourceTree = BUILT_PRODUCTS_DIR; };
		48AF33812710084900D6AAA4 /* THUiOSClubTests.swift */ = {isa = PBXFileReference; lastKnownFileType = sourcecode.swift; path = THUiOSClubTests.swift; sourceTree = "<group>"; };
		48AF33832710084900D6AAA4 /* Info.plist */ = {isa = PBXFileReference; lastKnownFileType = text.plist.xml; path = Info.plist; sourceTree = "<group>"; };
		48AF33882710084A00D6AAA4 /* THUiOSClubUITests.xctest */ = {isa = PBXFileReference; explicitFileType = wrapper.cfbundle; includeInIndex = 0; path = THUiOSClubUITests.xctest; sourceTree = BUILT_PRODUCTS_DIR; };
		48AF338C2710084A00D6AAA4 /* THUiOSClubUITests.swift */ = {isa = PBXFileReference; lastKnownFileType = sourcecode.swift; path = THUiOSClubUITests.swift; sourceTree = "<group>"; };
		48AF338E2710084A00D6AAA4 /* Info.plist */ = {isa = PBXFileReference; lastKnownFileType = text.plist.xml; path = Info.plist; sourceTree = "<group>"; };
/* End PBXFileReference section */

/* Begin PBXFrameworksBuildPhase section */
		48AF33692710084700D6AAA4 /* Frameworks */ = {
			isa = PBXFrameworksBuildPhase;
			buildActionMask = 2147483647;
			files = (
			);
			runOnlyForDeploymentPostprocessing = 0;
		};
		48AF337A2710084900D6AAA4 /* Frameworks */ = {
			isa = PBXFrameworksBuildPhase;
			buildActionMask = 2147483647;
			files = (
			);
			runOnlyForDeploymentPostprocessing = 0;
		};
		48AF33852710084A00D6AAA4 /* Frameworks */ = {
			isa = PBXFrameworksBuildPhase;
			buildActionMask = 2147483647;
			files = (
			);
			runOnlyForDeploymentPostprocessing = 0;
		};
/* End PBXFrameworksBuildPhase section */

/* Begin PBXGroup section */
		48AF33632710084700D6AAA4 = {
			isa = PBXGroup;
			children = (
				48AF336E2710084700D6AAA4 /* THUiOSClub */,
				48AF33802710084900D6AAA4 /* THUiOSClubTests */,
				48AF338B2710084A00D6AAA4 /* THUiOSClubUITests */,
				48AF336D2710084700D6AAA4 /* Products */,
			);
			sourceTree = "<group>";
		};
		48AF336D2710084700D6AAA4 /* Products */ = {
			isa = PBXGroup;
			children = (
				48AF336C2710084700D6AAA4 /* THU iOS Club.app */,
				48AF337D2710084900D6AAA4 /* THUiOSClubTests.xctest */,
				48AF33882710084A00D6AAA4 /* THUiOSClubUITests.xctest */,
			);
			name = Products;
			sourceTree = "<group>";
		};
		48AF336E2710084700D6AAA4 /* THUiOSClub */ = {
			isa = PBXGroup;
			children = (
				48AF336F2710084700D6AAA4 /* App.swift */,
				48AF33712710084700D6AAA4 /* ContentView.swift */,
				48AF33732710084900D6AAA4 /* Assets.xcassets */,
				48AF33782710084900D6AAA4 /* Info.plist */,
				48AF33752710084900D6AAA4 /* Preview Content */,
			);
			path = THUiOSClub;
			sourceTree = "<group>";
		};
		48AF33752710084900D6AAA4 /* Preview Content */ = {
			isa = PBXGroup;
			children = (
				48AF33762710084900D6AAA4 /* Preview Assets.xcassets */,
			);
			path = "Preview Content";
			sourceTree = "<group>";
		};
		48AF33802710084900D6AAA4 /* THUiOSClubTests */ = {
			isa = PBXGroup;
			children = (
				48AF33812710084900D6AAA4 /* THUiOSClubTests.swift */,
				48AF33832710084900D6AAA4 /* Info.plist */,
			);
			path = THUiOSClubTests;
			sourceTree = "<group>";
		};
		48AF338B2710084A00D6AAA4 /* THUiOSClubUITests */ = {
			isa = PBXGroup;
			children = (
				48AF338C2710084A00D6AAA4 /* THUiOSClubUITests.swift */,
				48AF338E2710084A00D6AAA4 /* Info.plist */,
			);
			path = THUiOSClubUITests;
			sourceTree = "<group>";
		};
/* End PBXGroup section */

/* Begin PBXNativeTarget section */
		48AF336B2710084700D6AAA4 /* THUiOSClub */ = {
			isa = PBXNativeTarget;
			buildConfigurationList = 48AF33912710084A00D6AAA4 /* Build configuration list for PBXNativeTarget "THUiOSClub" */;
			buildPhases = (
				48AF33682710084700D6AAA4 /* Sources */,
				48AF33692710084700D6AAA4 /* Frameworks */,
				48AF336A2710084700D6AAA4 /* Resources */,
			);
			buildRules = (
			);
			dependencies = (
			);
			name = THUiOSClub;
			productName = THUiOSClub;
			productReference = 48AF336C2710084700D6AAA4 /* THU iOS Club.app */;
			productType = "com.apple.product-type.application";
		};
		48AF337C2710084900D6AAA4 /* THUiOSClubTests */ = {
			isa = PBXNativeTarget;
			buildConfigurationList = 48AF33942710084A00D6AAA4 /* Build configuration list for PBXNativeTarget "THUiOSClubTests" */;
			buildPhases = (
				48AF33792710084900D6AAA4 /* Sources */,
				48AF337A2710084900D6AAA4 /* Frameworks */,
				48AF337B2710084900D6AAA4 /* Resources */,
			);
			buildRules = (
			);
			dependencies = (
				48AF337F2710084900D6AAA4 /* PBXTargetDependency */,
			);
			name = THUiOSClubTests;
			productName = THUiOSClubTests;
			productReference = 48AF337D2710084900D6AAA4 /* THUiOSClubTests.xctest */;
			productType = "com.apple.product-type.bundle.unit-test";
		};
		48AF33872710084A00D6AAA4 /* THUiOSClubUITests */ = {
			isa = PBXNativeTarget;
			buildConfigurationList = 48AF33972710084A00D6AAA4 /* Build configuration list for PBXNativeTarget "THUiOSClubUITests" */;
			buildPhases = (
				48AF33842710084A00D6AAA4 /* Sources */,
				48AF33852710084A00D6AAA4 /* Frameworks */,
				48AF33862710084A00D6AAA4 /* Resources */,
			);
			buildRules = (
			);
			dependencies = (
				48AF338A2710084A00D6AAA4 /* PBXTargetDependency */,
			);
			name = THUiOSClubUITests;
			productName = THUiOSClubUITests;
			productReference = 48AF33882710084A00D6AAA4 /* THUiOSClubUITests.xctest */;
			productType = "com.apple.product-type.bundle.ui-testing";
		};
/* End PBXNativeTarget section */

/* Begin PBXProject section */
		48AF33642710084700D6AAA4 /* Project object */ = {
			isa = PBXProject;
			attributes = {
				LastSwiftUpdateCheck = 1250;
				LastUpgradeCheck = 1250;
				TargetAttributes = {
					48AF336B2710084700D6AAA4 = {
						CreatedOnToolsVersion = 12.5.1;
					};
					48AF337C2710084900D6AAA4 = {
						CreatedOnToolsVersion = 12.5.1;
						TestTargetID = 48AF336B2710084700D6AAA4;
					};
					48AF33872710084A00D6AAA4 = {
						CreatedOnToolsVersion = 12.5.1;
						TestTargetID = 48AF336B2710084700D6AAA4;
					};
				};
			};
			buildConfigurationList = 48AF33672710084700D6AAA4 /* Build configuration list for PBXProject "THUiOSClub" */;
			compatibilityVersion = "Xcode 9.3";
			developmentRegion = en;
			hasScannedForEncodings = 0;
			knownRegions = (
				en,
				Base,
			);
			mainGroup = 48AF33632710084700D6AAA4;
			productRefGroup = 48AF336D2710084700D6AAA4 /* Products */;
			projectDirPath = "";
			projectRoot = "";
			targets = (
				48AF336B2710084700D6AAA4 /* THUiOSClub */,
				48AF337C2710084900D6AAA4 /* THUiOSClubTests */,
				48AF33872710084A00D6AAA4 /* THUiOSClubUITests */,
			);
		};
/* End PBXProject section */

/* Begin PBXResourcesBuildPhase section */
		48AF336A2710084700D6AAA4 /* Resources */ = {
			isa = PBXResourcesBuildPhase;
			buildActionMask = 2147483647;
			files = (
				48AF33772710084900D6AAA4 /* Preview Assets.xcassets in Resources */,
				48AF33742710084900D6AAA4 /* Assets.xcassets in Resources */,
			);
			runOnlyForDeploymentPostprocessing = 0;
		};
		48AF337B2710084900D6AAA4 /* Resources */ = {
			isa = PBXResourcesBuildPhase;
			buildActionMask = 2147483647;
			files = (
			);
			runOnlyForDeploymentPostprocessing = 0;
		};
		48AF33862710084A00D6AAA4 /* Resources */ = {
			isa = PBXResourcesBuildPhase;
			buildActionMask = 2147483647;
			files = (
			);
			runOnlyForDeploymentPostprocessing = 0;
		};
/* End PBXResourcesBuildPhase section */

/* Begin PBXSourcesBuildPhase section */
		48AF33682710084700D6AAA4 /* Sources */ = {
			isa = PBXSourcesBuildPhase;
			buildActionMask = 2147483647;
			files = (
				48AF33722710084700D6AAA4 /* ContentView.swift in Sources */,
				48AF33702710084700D6AAA4 /* App.swift in Sources */,
			);
			runOnlyForDeploymentPostprocessing = 0;
		};
		48AF33792710084900D6AAA4 /* Sources */ = {
			isa = PBXSourcesBuildPhase;
			buildActionMask = 2147483647;
			files = (
				48AF33822710084900D6AAA4 /* THUiOSClubTests.swift in Sources */,
			);
			runOnlyForDeploymentPostprocessing = 0;
		};
		48AF33842710084A00D6AAA4 /* Sources */ = {
			isa = PBXSourcesBuildPhase;
			buildActionMask = 2147483647;
			files = (
				48AF338D2710084A00D6AAA4 /* THUiOSClubUITests.swift in Sources */,
			);
			runOnlyForDeploymentPostprocessing = 0;
		};
/* End PBXSourcesBuildPhase section */

/* Begin PBXTargetDependency section */
		48AF337F2710084900D6AAA4 /* PBXTargetDependency */ = {
			isa = PBXTargetDependency;
			target = 48AF336B2710084700D6AAA4 /* THUiOSClub */;
			targetProxy = 48AF337E2710084900D6AAA4 /* PBXContainerItemProxy */;
		};
		48AF338A2710084A00D6AAA4 /* PBXTargetDependency */ = {
			isa = PBXTargetDependency;
			target = 48AF336B2710084700D6AAA4 /* THUiOSClub */;
			targetProxy = 48AF33892710084A00D6AAA4 /* PBXContainerItemProxy */;
		};
/* End PBXTargetDependency section */

/* Begin XCBuildConfiguration section */
		48AF338F2710084A00D6AAA4 /* Debug */ = {
			isa = XCBuildConfiguration;
			buildSettings = {
				ALWAYS_SEARCH_USER_PATHS = NO;
				CLANG_ANALYZER_NONNULL = YES;
				CLANG_ANALYZER_NUMBER_OBJECT_CONVERSION = YES_AGGRESSIVE;
				CLANG_CXX_LANGUAGE_STANDARD = "gnu++14";
				CLANG_CXX_LIBRARY = "libc++";
				CLANG_ENABLE_MODULES = YES;
				CLANG_ENABLE_OBJC_ARC = YES;
				CLANG_ENABLE_OBJC_WEAK = YES;
				CLANG_WARN_BLOCK_CAPTURE_AUTORELEASING = YES;
				CLANG_WARN_BOOL_CONVERSION = YES;
				CLANG_WARN_COMMA = YES;
				CLANG_WARN_CONSTANT_CONVERSION = YES;
				CLANG_WARN_DEPRECATED_OBJC_IMPLEMENTATIONS = YES;
				CLANG_WARN_DIRECT_OBJC_ISA_USAGE = YES_ERROR;
				CLANG_WARN_DOCUMENTATION_COMMENTS = YES;
				CLANG_WARN_EMPTY_BODY = YES;
				CLANG_WARN_ENUM_CONVERSION = YES;
				CLANG_WARN_INFINITE_RECURSION = YES;
				CLANG_WARN_INT_CONVERSION = YES;
				CLANG_WARN_NON_LITERAL_NULL_CONVERSION = YES;
				CLANG_WARN_OBJC_IMPLICIT_RETAIN_SELF = YES;
				CLANG_WARN_OBJC_LITERAL_CONVERSION = YES;
				CLANG_WARN_OBJC_ROOT_CLASS = YES_ERROR;
				CLANG_WARN_QUOTED_INCLUDE_IN_FRAMEWORK_HEADER = YES;
				CLANG_WARN_RANGE_LOOP_ANALYSIS = YES;
				CLANG_WARN_STRICT_PROTOTYPES = YES;
				CLANG_WARN_SUSPICIOUS_MOVE = YES;
				CLANG_WARN_UNGUARDED_AVAILABILITY = YES_AGGRESSIVE;
				CLANG_WARN_UNREACHABLE_CODE = YES;
				CLANG_WARN__DUPLICATE_METHOD_MATCH = YES;
				COPY_PHASE_STRIP = NO;
				DEBUG_INFORMATION_FORMAT = dwarf;
				ENABLE_STRICT_OBJC_MSGSEND = YES;
				ENABLE_TESTABILITY = YES;
				GCC_C_LANGUAGE_STANDARD = gnu11;
				GCC_DYNAMIC_NO_PIC = NO;
				GCC_NO_COMMON_BLOCKS = YES;
				GCC_OPTIMIZATION_LEVEL = 0;
				GCC_PREPROCESSOR_DEFINITIONS = (
					"DEBUG=1",
					"$(inherited)",
				);
				GCC_WARN_64_TO_32_BIT_CONVERSION = YES;
				GCC_WARN_ABOUT_RETURN_TYPE = YES_ERROR;
				GCC_WARN_UNDECLARED_SELECTOR = YES;
				GCC_WARN_UNINITIALIZED_AUTOS = YES_AGGRESSIVE;
				GCC_WARN_UNUSED_FUNCTION = YES;
				GCC_WARN_UNUSED_VARIABLE = YES;
				IPHONEOS_DEPLOYMENT_TARGET = 14.5;
				MTL_ENABLE_DEBUG_INFO = INCLUDE_SOURCE;
				MTL_FAST_MATH = YES;
				ONLY_ACTIVE_ARCH = YES;
				SDKROOT = iphoneos;
				SWIFT_ACTIVE_COMPILATION_CONDITIONS = DEBUG;
				SWIFT_OPTIMIZATION_LEVEL = "-Onone";
			};
			name = Debug;
		};
		48AF33902710084A00D6AAA4 /* Release */ = {
			isa = XCBuildConfiguration;
			buildSettings = {
				ALWAYS_SEARCH_USER_PATHS = NO;
				CLANG_ANALYZER_NONNULL = YES;
				CLANG_ANALYZER_NUMBER_OBJECT_CONVERSION = YES_AGGRESSIVE;
				CLANG_CXX_LANGUAGE_STANDARD = "gnu++14";
				CLANG_CXX_LIBRARY = "libc++";
				CLANG_ENABLE_MODULES = YES;
				CLANG_ENABLE_OBJC_ARC = YES;
				CLANG_ENABLE_OBJC_WEAK = YES;
				CLANG_WARN_BLOCK_CAPTURE_AUTORELEASING = YES;
				CLANG_WARN_BOOL_CONVERSION = YES;
				CLANG_WARN_COMMA = YES;
				CLANG_WARN_CONSTANT_CONVERSION = YES;
				CLANG_WARN_DEPRECATED_OBJC_IMPLEMENTATIONS = YES;
				CLANG_WARN_DIRECT_OBJC_ISA_USAGE = YES_ERROR;
				CLANG_WARN_DOCUMENTATION_COMMENTS = YES;
				CLANG_WARN_EMPTY_BODY = YES;
				CLANG_WARN_ENUM_CONVERSION = YES;
				CLANG_WARN_INFINITE_RECURSION = YES;
				CLANG_WARN_INT_CONVERSION = YES;
				CLANG_WARN_NON_LITERAL_NULL_CONVERSION = YES;
				CLANG_WARN_OBJC_IMPLICIT_RETAIN_SELF = YES;
				CLANG_WARN_OBJC_LITERAL_CONVERSION = YES;
				CLANG_WARN_OBJC_ROOT_CLASS = YES_ERROR;
				CLANG_WARN_QUOTED_INCLUDE_IN_FRAMEWORK_HEADER = YES;
				CLANG_WARN_RANGE_LOOP_ANALYSIS = YES;
				CLANG_WARN_STRICT_PROTOTYPES = YES;
				CLANG_WARN_SUSPICIOUS_MOVE = YES;
				CLANG_WARN_UNGUARDED_AVAILABILITY = YES_AGGRESSIVE;
				CLANG_WARN_UNREACHABLE_CODE = YES;
				CLANG_WARN__DUPLICATE_METHOD_MATCH = YES;
				COPY_PHASE_STRIP = NO;
				DEBUG_INFORMATION_FORMAT = "dwarf-with-dsym";
				ENABLE_NS_ASSERTIONS = NO;
				ENABLE_STRICT_OBJC_MSGSEND = YES;
				GCC_C_LANGUAGE_STANDARD = gnu11;
				GCC_NO_COMMON_BLOCKS = YES;
				GCC_WARN_64_TO_32_BIT_CONVERSION = YES;
				GCC_WARN_ABOUT_RETURN_TYPE = YES_ERROR;
				GCC_WARN_UNDECLARED_SELECTOR = YES;
				GCC_WARN_UNINITIALIZED_AUTOS = YES_AGGRESSIVE;
				GCC_WARN_UNUSED_FUNCTION = YES;
				GCC_WARN_UNUSED_VARIABLE = YES;
				IPHONEOS_DEPLOYMENT_TARGET = 14.5;
				MTL_ENABLE_DEBUG_INFO = NO;
				MTL_FAST_MATH = YES;
				SDKROOT = iphoneos;
				SWIFT_COMPILATION_MODE = wholemodule;
				SWIFT_OPTIMIZATION_LEVEL = "-O";
				VALIDATE_PRODUCT = YES;
			};
			name = Release;
		};
		48AF33922710084A00D6AAA4 /* Debug */ = {
			isa = XCBuildConfiguration;
			buildSettings = {
				ASSETCATALOG_COMPILER_APPICON_NAME = AppIcon;
				ASSETCATALOG_COMPILER_GLOBAL_ACCENT_COLOR_NAME = AccentColor;
				CODE_SIGN_STYLE = Automatic;
				DEVELOPMENT_ASSET_PATHS = "\"THUiOSClub/Preview Content\"";
				DEVELOPMENT_TEAM = C4W6UUH267;
				ENABLE_PREVIEWS = YES;
				INFOPLIST_FILE = THUiOSClub/Info.plist;
				IPHONEOS_DEPLOYMENT_TARGET = 14.0;
				LD_RUNPATH_SEARCH_PATHS = (
					"$(inherited)",
					"@executable_path/Frameworks",
				);
				PRODUCT_BUNDLE_IDENTIFIER = com.thuiosclub.THUiOSClub;
				PRODUCT_MODULE_NAME = THUiOSClub;
				PRODUCT_NAME = "THU iOS Club";
				SWIFT_VERSION = 5.0;
				TARGETED_DEVICE_FAMILY = "1,2";
			};
			name = Debug;
		};
		48AF33932710084A00D6AAA4 /* Release */ = {
			isa = XCBuildConfiguration;
			buildSettings = {
				ASSETCATALOG_COMPILER_APPICON_NAME = AppIcon;
				ASSETCATALOG_COMPILER_GLOBAL_ACCENT_COLOR_NAME = AccentColor;
				CODE_SIGN_STYLE = Automatic;
				DEVELOPMENT_ASSET_PATHS = "\"THUiOSClub/Preview Content\"";
				DEVELOPMENT_TEAM = C4W6UUH267;
				ENABLE_PREVIEWS = YES;
				INFOPLIST_FILE = THUiOSClub/Info.plist;
				IPHONEOS_DEPLOYMENT_TARGET = 14.0;
				LD_RUNPATH_SEARCH_PATHS = (
					"$(inherited)",
					"@executable_path/Frameworks",
				);
				PRODUCT_BUNDLE_IDENTIFIER = com.thuiosclub.THUiOSClub;
				PRODUCT_MODULE_NAME = THUiOSClub;
				PRODUCT_NAME = "THU iOS Club";
				SWIFT_VERSION = 5.0;
				TARGETED_DEVICE_FAMILY = "1,2";
			};
			name = Release;
		};
		48AF33952710084A00D6AAA4 /* Debug */ = {
			isa = XCBuildConfiguration;
			buildSettings = {
				ALWAYS_EMBED_SWIFT_STANDARD_LIBRARIES = YES;
				BUNDLE_LOADER = "$(TEST_HOST)";
				CODE_SIGN_STYLE = Automatic;
				DEVELOPMENT_TEAM = C4W6UUH267;
				INFOPLIST_FILE = THUiOSClubTests/Info.plist;
				IPHONEOS_DEPLOYMENT_TARGET = 14.0;
				LD_RUNPATH_SEARCH_PATHS = (
					"$(inherited)",
					"@executable_path/Frameworks",
					"@loader_path/Frameworks",
				);
				PRODUCT_BUNDLE_IDENTIFIER = com.thuiosclub.THUiOSClubTests;
				PRODUCT_NAME = "$(TARGET_NAME)";
				SWIFT_VERSION = 5.0;
				TARGETED_DEVICE_FAMILY = "1,2";
				TEST_HOST = "$(BUILT_PRODUCTS_DIR)/THU iOS Club.app/THU iOS Club";
			};
			name = Debug;
		};
		48AF33962710084A00D6AAA4 /* Release */ = {
			isa = XCBuildConfiguration;
			buildSettings = {
				ALWAYS_EMBED_SWIFT_STANDARD_LIBRARIES = YES;
				BUNDLE_LOADER = "$(TEST_HOST)";
				CODE_SIGN_STYLE = Automatic;
				DEVELOPMENT_TEAM = C4W6UUH267;
				INFOPLIST_FILE = THUiOSClubTests/Info.plist;
				IPHONEOS_DEPLOYMENT_TARGET = 14.0;
				LD_RUNPATH_SEARCH_PATHS = (
					"$(inherited)",
					"@executable_path/Frameworks",
					"@loader_path/Frameworks",
				);
				PRODUCT_BUNDLE_IDENTIFIER = com.thuiosclub.THUiOSClubTests;
				PRODUCT_NAME = "$(TARGET_NAME)";
				SWIFT_VERSION = 5.0;
				TARGETED_DEVICE_FAMILY = "1,2";
				TEST_HOST = "$(BUILT_PRODUCTS_DIR)/THU iOS Club.app/THU iOS Club";
			};
			name = Release;
		};
		48AF33982710084A00D6AAA4 /* Debug */ = {
			isa = XCBuildConfiguration;
			buildSettings = {
				ALWAYS_EMBED_SWIFT_STANDARD_LIBRARIES = YES;
				CODE_SIGN_STYLE = Automatic;
				DEVELOPMENT_TEAM = C4W6UUH267;
				INFOPLIST_FILE = THUiOSClubUITests/Info.plist;
				LD_RUNPATH_SEARCH_PATHS = (
					"$(inherited)",
					"@executable_path/Frameworks",
					"@loader_path/Frameworks",
				);
				PRODUCT_BUNDLE_IDENTIFIER = com.thuiosclub.THUiOSClubUITests;
				PRODUCT_NAME = "$(TARGET_NAME)";
				SWIFT_VERSION = 5.0;
				TARGETED_DEVICE_FAMILY = "1,2";
				TEST_TARGET_NAME = THUiOSClub;
			};
			name = Debug;
		};
		48AF33992710084A00D6AAA4 /* Release */ = {
			isa = XCBuildConfiguration;
			buildSettings = {
				ALWAYS_EMBED_SWIFT_STANDARD_LIBRARIES = YES;
				CODE_SIGN_STYLE = Automatic;
				DEVELOPMENT_TEAM = C4W6UUH267;
				INFOPLIST_FILE = THUiOSClubUITests/Info.plist;
				LD_RUNPATH_SEARCH_PATHS = (
					"$(inherited)",
					"@executable_path/Frameworks",
					"@loader_path/Frameworks",
				);
				PRODUCT_BUNDLE_IDENTIFIER = com.thuiosclub.THUiOSClubUITests;
				PRODUCT_NAME = "$(TARGET_NAME)";
				SWIFT_VERSION = 5.0;
				TARGETED_DEVICE_FAMILY = "1,2";
				TEST_TARGET_NAME = THUiOSClub;
			};
			name = Release;
		};
		48AF339A2710098E00D6AAA4 /* Dev */ = {
			isa = XCBuildConfiguration;
			buildSettings = {
				ALWAYS_SEARCH_USER_PATHS = NO;
				CLANG_ANALYZER_NONNULL = YES;
				CLANG_ANALYZER_NUMBER_OBJECT_CONVERSION = YES_AGGRESSIVE;
				CLANG_CXX_LANGUAGE_STANDARD = "gnu++14";
				CLANG_CXX_LIBRARY = "libc++";
				CLANG_ENABLE_MODULES = YES;
				CLANG_ENABLE_OBJC_ARC = YES;
				CLANG_ENABLE_OBJC_WEAK = YES;
				CLANG_WARN_BLOCK_CAPTURE_AUTORELEASING = YES;
				CLANG_WARN_BOOL_CONVERSION = YES;
				CLANG_WARN_COMMA = YES;
				CLANG_WARN_CONSTANT_CONVERSION = YES;
				CLANG_WARN_DEPRECATED_OBJC_IMPLEMENTATIONS = YES;
				CLANG_WARN_DIRECT_OBJC_ISA_USAGE = YES_ERROR;
				CLANG_WARN_DOCUMENTATION_COMMENTS = YES;
				CLANG_WARN_EMPTY_BODY = YES;
				CLANG_WARN_ENUM_CONVERSION = YES;
				CLANG_WARN_INFINITE_RECURSION = YES;
				CLANG_WARN_INT_CONVERSION = YES;
				CLANG_WARN_NON_LITERAL_NULL_CONVERSION = YES;
				CLANG_WARN_OBJC_IMPLICIT_RETAIN_SELF = YES;
				CLANG_WARN_OBJC_LITERAL_CONVERSION = YES;
				CLANG_WARN_OBJC_ROOT_CLASS = YES_ERROR;
				CLANG_WARN_QUOTED_INCLUDE_IN_FRAMEWORK_HEADER = YES;
				CLANG_WARN_RANGE_LOOP_ANALYSIS = YES;
				CLANG_WARN_STRICT_PROTOTYPES = YES;
				CLANG_WARN_SUSPICIOUS_MOVE = YES;
				CLANG_WARN_UNGUARDED_AVAILABILITY = YES_AGGRESSIVE;
				CLANG_WARN_UNREACHABLE_CODE = YES;
				CLANG_WARN__DUPLICATE_METHOD_MATCH = YES;
				COPY_PHASE_STRIP = NO;
				DEBUG_INFORMATION_FORMAT = dwarf;
				ENABLE_STRICT_OBJC_MSGSEND = YES;
				ENABLE_TESTABILITY = YES;
				GCC_C_LANGUAGE_STANDARD = gnu11;
				GCC_DYNAMIC_NO_PIC = NO;
				GCC_NO_COMMON_BLOCKS = YES;
				GCC_OPTIMIZATION_LEVEL = 0;
				GCC_PREPROCESSOR_DEFINITIONS = (
					"DEBUG=1",
					"$(inherited)",
				);
				GCC_WARN_64_TO_32_BIT_CONVERSION = YES;
				GCC_WARN_ABOUT_RETURN_TYPE = YES_ERROR;
				GCC_WARN_UNDECLARED_SELECTOR = YES;
				GCC_WARN_UNINITIALIZED_AUTOS = YES_AGGRESSIVE;
				GCC_WARN_UNUSED_FUNCTION = YES;
				GCC_WARN_UNUSED_VARIABLE = YES;
				IPHONEOS_DEPLOYMENT_TARGET = 14.5;
				MTL_ENABLE_DEBUG_INFO = INCLUDE_SOURCE;
				MTL_FAST_MATH = YES;
				ONLY_ACTIVE_ARCH = YES;
				"OTHER_SWIFT_FLAGS[arch=*]" = "-DDEV";
				SDKROOT = iphoneos;
				SWIFT_ACTIVE_COMPILATION_CONDITIONS = DEBUG;
				SWIFT_OPTIMIZATION_LEVEL = "-Onone";
			};
			name = Dev;
		};
		48AF339B2710098E00D6AAA4 /* Dev */ = {
			isa = XCBuildConfiguration;
			buildSettings = {
				ASSETCATALOG_COMPILER_APPICON_NAME = AppIcon;
				ASSETCATALOG_COMPILER_GLOBAL_ACCENT_COLOR_NAME = AccentColor;
				CODE_SIGN_STYLE = Automatic;
				DEVELOPMENT_ASSET_PATHS = "\"THUiOSClub/Preview Content\"";
				DEVELOPMENT_TEAM = C4W6UUH267;
				ENABLE_PREVIEWS = YES;
				INFOPLIST_FILE = THUiOSClub/Info.plist;
				IPHONEOS_DEPLOYMENT_TARGET = 14.0;
				LD_RUNPATH_SEARCH_PATHS = (
					"$(inherited)",
					"@executable_path/Frameworks",
				);
				PRODUCT_BUNDLE_IDENTIFIER = com.thuiosclub.THUiOSClub.dev;
				PRODUCT_MODULE_NAME = THUiOSClubDev;
				PRODUCT_NAME = "dev iOS Club";
				SWIFT_VERSION = 5.0;
				TARGETED_DEVICE_FAMILY = "1,2";
			};
			name = Dev;
		};
		48AF339C2710098E00D6AAA4 /* Dev */ = {
			isa = XCBuildConfiguration;
			buildSettings = {
				ALWAYS_EMBED_SWIFT_STANDARD_LIBRARIES = YES;
				BUNDLE_LOADER = "$(TEST_HOST)";
				CODE_SIGN_STYLE = Automatic;
				DEVELOPMENT_TEAM = C4W6UUH267;
				INFOPLIST_FILE = THUiOSClubTests/Info.plist;
				IPHONEOS_DEPLOYMENT_TARGET = 14.0;
				LD_RUNPATH_SEARCH_PATHS = (
					"$(inherited)",
					"@executable_path/Frameworks",
					"@loader_path/Frameworks",
				);
				PRODUCT_BUNDLE_IDENTIFIER = com.thuiosclub.THUiOSClubTests;
				PRODUCT_NAME = "$(TARGET_NAME)";
				SWIFT_VERSION = 5.0;
				TARGETED_DEVICE_FAMILY = "1,2";
				TEST_HOST = "$(BUILT_PRODUCTS_DIR)/THU iOS Club.app/THU iOS Club";
			};
			name = Dev;
		};
		48AF339D2710098E00D6AAA4 /* Dev */ = {
			isa = XCBuildConfiguration;
			buildSettings = {
				ALWAYS_EMBED_SWIFT_STANDARD_LIBRARIES = YES;
				CODE_SIGN_STYLE = Automatic;
				DEVELOPMENT_TEAM = C4W6UUH267;
				INFOPLIST_FILE = THUiOSClubUITests/Info.plist;
				LD_RUNPATH_SEARCH_PATHS = (
					"$(inherited)",
					"@executable_path/Frameworks",
					"@loader_path/Frameworks",
				);
				PRODUCT_BUNDLE_IDENTIFIER = com.thuiosclub.THUiOSClubUITests;
				PRODUCT_NAME = "$(TARGET_NAME)";
				SWIFT_VERSION = 5.0;
				TARGETED_DEVICE_FAMILY = "1,2";
				TEST_TARGET_NAME = THUiOSClub;
			};
			name = Dev;
		};
/* End XCBuildConfiguration section */

/* Begin XCConfigurationList section */
		48AF33672710084700D6AAA4 /* Build configuration list for PBXProject "THUiOSClub" */ = {
			isa = XCConfigurationList;
			buildConfigurations = (
				48AF338F2710084A00D6AAA4 /* Debug */,
				48AF339A2710098E00D6AAA4 /* Dev */,
				48AF33902710084A00D6AAA4 /* Release */,
			);
			defaultConfigurationIsVisible = 0;
			defaultConfigurationName = Release;
		};
		48AF33912710084A00D6AAA4 /* Build configuration list for PBXNativeTarget "THUiOSClub" */ = {
			isa = XCConfigurationList;
			buildConfigurations = (
				48AF33922710084A00D6AAA4 /* Debug */,
				48AF339B2710098E00D6AAA4 /* Dev */,
				48AF33932710084A00D6AAA4 /* Release */,
			);
			defaultConfigurationIsVisible = 0;
			defaultConfigurationName = Release;
		};
		48AF33942710084A00D6AAA4 /* Build configuration list for PBXNativeTarget "THUiOSClubTests" */ = {
			isa = XCConfigurationList;
			buildConfigurations = (
				48AF33952710084A00D6AAA4 /* Debug */,
				48AF339C2710098E00D6AAA4 /* Dev */,
				48AF33962710084A00D6AAA4 /* Release */,
			);
			defaultConfigurationIsVisible = 0;
			defaultConfigurationName = Release;
		};
		48AF33972710084A00D6AAA4 /* Build configuration list for PBXNativeTarget "THUiOSClubUITests" */ = {
			isa = XCConfigurationList;
			buildConfigurations = (
				48AF33982710084A00D6AAA4 /* Debug */,
				48AF339D2710098E00D6AAA4 /* Dev */,
				48AF33992710084A00D6AAA4 /* Release */,
			);
			defaultConfigurationIsVisible = 0;
			defaultConfigurationName = Release;
		};
/* End XCConfigurationList section */
	};
	rootObject = 48AF33642710084700D6AAA4 /* Project object */;
}
